
Microsoft Visual Studio Solution File, Format Version 12.00
# Visual Studio 14
VisualStudioVersion = 14.0.25420.1
MinimumVisualStudioVersion = 10.0.40219.1
Project("{FAE04EC0-301F-11D3-BF4B-00C04F79EFBC}") = "SEScripts", "SEScripts\SEScripts.csproj", "{3CFC0D17-F514-459C-BA65-073EC0D5C836}"
EndProject
Project("{FAE04EC0-301F-11D3-BF4B-00C04F79EFBC}") = "SEScriptsTests", "SEScriptsTests\SEScriptsTests.csproj", "{62718532-751B-4611-9D5A-2C5041D325D4}"
EndProject
Global
	GlobalSection(SolutionConfigurationPlatforms) = preSolution
		Debug|Any CPU = Debug|Any CPU
		Debug|x64 = Debug|x64
		Release|Any CPU = Release|Any CPU
		Release|x64 = Release|x64
		XUI DEBUG|Any CPU = XUI DEBUG|Any CPU
		XUI DEBUG|x64 = XUI DEBUG|x64
	EndGlobalSection
	GlobalSection(ProjectConfigurationPlatforms) = postSolution
		{3CFC0D17-F514-459C-BA65-073EC0D5C836}.Debug|Any CPU.ActiveCfg = Debug|Any CPU
		{3CFC0D17-F514-459C-BA65-073EC0D5C836}.Debug|Any CPU.Build.0 = Debug|Any CPU
		{3CFC0D17-F514-459C-BA65-073EC0D5C836}.Debug|x64.ActiveCfg = Debug|Any CPU
		{3CFC0D17-F514-459C-BA65-073EC0D5C836}.Debug|x64.Build.0 = Debug|Any CPU
		{3CFC0D17-F514-459C-BA65-073EC0D5C836}.Release|Any CPU.ActiveCfg = Release|Any CPU
		{3CFC0D17-F514-459C-BA65-073EC0D5C836}.Release|Any CPU.Build.0 = Release|Any CPU
		{3CFC0D17-F514-459C-BA65-073EC0D5C836}.Release|x64.ActiveCfg = Release|Any CPU
		{3CFC0D17-F514-459C-BA65-073EC0D5C836}.Release|x64.Build.0 = Release|Any CPU
		{3CFC0D17-F514-459C-BA65-073EC0D5C836}.XUI DEBUG|Any CPU.ActiveCfg = XUI DEBUG|Any CPU
		{3CFC0D17-F514-459C-BA65-073EC0D5C836}.XUI DEBUG|Any CPU.Build.0 = XUI DEBUG|Any CPU
		{3CFC0D17-F514-459C-BA65-073EC0D5C836}.XUI DEBUG|x64.ActiveCfg = XUI DEBUG|Any CPU
		{3CFC0D17-F514-459C-BA65-073EC0D5C836}.XUI DEBUG|x64.Build.0 = XUI DEBUG|Any CPU
		{62718532-751B-4611-9D5A-2C5041D325D4}.Debug|Any CPU.ActiveCfg = Debug|Any CPU
		{62718532-751B-4611-9D5A-2C5041D325D4}.Debug|Any CPU.Build.0 = Debug|Any CPU
		{62718532-751B-4611-9D5A-2C5041D325D4}.Debug|x64.ActiveCfg = Debug|Any CPU
		{62718532-751B-4611-9D5A-2C5041D325D4}.Debug|x64.Build.0 = Debug|Any CPU
		{62718532-751B-4611-9D5A-2C5041D325D4}.Release|Any CPU.ActiveCfg = Release|Any CPU
		{62718532-751B-4611-9D5A-2C5041D325D4}.Release|Any CPU.Build.0 = Release|Any CPU
		{62718532-751B-4611-9D5A-2C5041D325D4}.Release|x64.ActiveCfg = Release|Any CPU
		{62718532-751B-4611-9D5A-2C5041D325D4}.Release|x64.Build.0 = Release|Any CPU
		{62718532-751B-4611-9D5A-2C5041D325D4}.XUI DEBUG|Any CPU.ActiveCfg = XUI DEBUG|Any CPU
		{62718532-751B-4611-9D5A-2C5041D325D4}.XUI DEBUG|Any CPU.Build.0 = XUI DEBUG|Any CPU
		{62718532-751B-4611-9D5A-2C5041D325D4}.XUI DEBUG|x64.ActiveCfg = XUI DEBUG|Any CPU
		{62718532-751B-4611-9D5A-2C5041D325D4}.XUI DEBUG|x64.Build.0 = XUI DEBUG|Any CPU
	EndGlobalSection
	GlobalSection(SolutionProperties) = preSolution
		HideSolutionNode = FALSE
	EndGlobalSection
EndGlobal
